
Microsoft Visual Studio Solution File, Format Version 12.00
# Visual Studio Version 17
VisualStudioVersion = 17.11.35208.52
MinimumVisualStudioVersion = 10.0.40219.1
Project("{FAE04EC0-301F-11D3-BF4B-00C04F79EFBC}") = "number guessing game", "number guessing game\number guessing game.csproj", "{884D4796-E2E6-4458-A6CA-9A252D59C77D}"
EndProject
Global
	GlobalSection(SolutionConfigurationPlatforms) = preSolution
		Debug|Any CPU = Debug|Any CPU
		Release|Any CPU = Release|Any CPU
	EndGlobalSection
	GlobalSection(ProjectConfigurationPlatforms) = postSolution
		{884D4796-E2E6-4458-A6CA-9A252D59C77D}.Debug|Any CPU.ActiveCfg = Debug|Any CPU
		{884D4796-E2E6-4458-A6CA-9A252D59C77D}.Debug|Any CPU.Build.0 = Debug|Any CPU
		{884D4796-E2E6-4458-A6CA-9A252D59C77D}.Release|Any CPU.ActiveCfg = Release|Any CPU
		{884D4796-E2E6-4458-A6CA-9A252D59C77D}.Release|Any CPU.Build.0 = Release|Any CPU
	EndGlobalSection
	GlobalSection(SolutionProperties) = preSolution
		HideSolutionNode = FALSE
	EndGlobalSection
	GlobalSection(ExtensibilityGlobals) = postSolution
		SolutionGuid = {24CA1B0B-5439-4485-8602-6FBD6CE24466}
	EndGlobalSection
EndGlobal
